// !$*UTF8*$!
{
	archiveVersion = 1;
	classes = {
	};
	objectVersion = 48;
	objects = {

/* Begin PBXCopyFilesBuildPhase section */
		4D712E631F7155A0008E0EC5 /* CopyFiles */ = {
			isa = PBXCopyFilesBuildPhase;
			buildActionMask = 2147483647;
			dstPath = "include/$(PRODUCT_NAME)";
			dstSubfolderSpec = 16;
			files = (
			);
			runOnlyForDeploymentPostprocessing = 0;
		};
/* End PBXCopyFilesBuildPhase section */

/* Begin PBXFileReference section */
		4D712E651F7155A0008E0EC5 /* libNativeNavigation.a */ = {isa = PBXFileReference; explicitFileType = archive.ar; includeInIndex = 0; path = libNativeNavigation.a; sourceTree = BUILT_PRODUCTS_DIR; };
		4D712E721F7155DB008E0EC5 /* Dictionary+FunctionalExtensions.swift */ = {isa = PBXFileReference; lastKnownFileType = sourcecode.swift; path = "Dictionary+FunctionalExtensions.swift"; sourceTree = "<group>"; };
		4D712E731F7155DB008E0EC5 /* NativeNavigationBridge.m */ = {isa = PBXFileReference; lastKnownFileType = sourcecode.c.objc; path = NativeNavigationBridge.m; sourceTree = "<group>"; };
		4D712E741F7155DB008E0EC5 /* ReactNavigation.swift */ = {isa = PBXFileReference; lastKnownFileType = sourcecode.swift; path = ReactNavigation.swift; sourceTree = "<group>"; };
		4D712E751F7155DB008E0EC5 /* ReactNavigationCoordinator.swift */ = {isa = PBXFileReference; lastKnownFileType = sourcecode.swift; path = ReactNavigationCoordinator.swift; sourceTree = "<group>"; };
		4D712E761F7155DB008E0EC5 /* ReactNavigationImplementation.swift */ = {isa = PBXFileReference; lastKnownFileType = sourcecode.swift; path = ReactNavigationImplementation.swift; sourceTree = "<group>"; };
		4D712E771F7155DB008E0EC5 /* ReactSharedElementAnimation.swift */ = {isa = PBXFileReference; lastKnownFileType = sourcecode.swift; path = ReactSharedElementAnimation.swift; sourceTree = "<group>"; };
		4D712E781F7155DB008E0EC5 /* ReactSharedElementTransition.swift */ = {isa = PBXFileReference; lastKnownFileType = sourcecode.swift; path = ReactSharedElementTransition.swift; sourceTree = "<group>"; };
		4D712E791F7155DB008E0EC5 /* ReactTabBarController.swift */ = {isa = PBXFileReference; lastKnownFileType = sourcecode.swift; path = ReactTabBarController.swift; sourceTree = "<group>"; };
		4D712E7A1F7155DB008E0EC5 /* ReactViewController.swift */ = {isa = PBXFileReference; lastKnownFileType = sourcecode.swift; path = ReactViewController.swift; sourceTree = "<group>"; };
		4D712E7B1F7155DB008E0EC5 /* ReactViewControllerProtocol.swift */ = {isa = PBXFileReference; lastKnownFileType = sourcecode.swift; path = ReactViewControllerProtocol.swift; sourceTree = "<group>"; };
		4D712E7C1F7155DB008E0EC5 /* SharedElementGroupManager.swift */ = {isa = PBXFileReference; lastKnownFileType = sourcecode.swift; path = SharedElementGroupManager.swift; sourceTree = "<group>"; };
		4D712E7D1F7155DB008E0EC5 /* SharedElementGroupManagerBridge.m */ = {isa = PBXFileReference; lastKnownFileType = sourcecode.c.objc; path = SharedElementGroupManagerBridge.m; sourceTree = "<group>"; };
		4D712E7E1F7155DB008E0EC5 /* SharedElementManager.swift */ = {isa = PBXFileReference; lastKnownFileType = sourcecode.swift; path = SharedElementManager.swift; sourceTree = "<group>"; };
		4D712E7F1F7155DB008E0EC5 /* SharedElementManagerBridge.m */ = {isa = PBXFileReference; lastKnownFileType = sourcecode.c.objc; path = SharedElementManagerBridge.m; sourceTree = "<group>"; };
		4D712E801F7155DB008E0EC5 /* SharedElementTransitionController.swift */ = {isa = PBXFileReference; lastKnownFileType = sourcecode.swift; path = SharedElementTransitionController.swift; sourceTree = "<group>"; };
		4D712E811F7155DB008E0EC5 /* TabBarViewManager.swift */ = {isa = PBXFileReference; lastKnownFileType = sourcecode.swift; path = TabBarViewManager.swift; sourceTree = "<group>"; };
		4D712E821F7155DB008E0EC5 /* TabBarViewManagerBridge.m */ = {isa = PBXFileReference; lastKnownFileType = sourcecode.c.objc; path = TabBarViewManagerBridge.m; sourceTree = "<group>"; };
		4D712E831F7155DB008E0EC5 /* TabViewManager.swift */ = {isa = PBXFileReference; lastKnownFileType = sourcecode.swift; path = TabViewManager.swift; sourceTree = "<group>"; };
		4D712E841F7155DB008E0EC5 /* TabViewMangerBridge.m */ = {isa = PBXFileReference; lastKnownFileType = sourcecode.c.objc; path = TabViewMangerBridge.m; sourceTree = "<group>"; };
		4D712E851F7155DB008E0EC5 /* TransitionAnimation.swift */ = {isa = PBXFileReference; lastKnownFileType = sourcecode.swift; path = TransitionAnimation.swift; sourceTree = "<group>"; };
		4D712E861F7155DB008E0EC5 /* UIBarButtonItem+addAction.swift */ = {isa = PBXFileReference; lastKnownFileType = sourcecode.swift; path = "UIBarButtonItem+addAction.swift"; sourceTree = "<group>"; };
		4D712E871F7155DB008E0EC5 /* UIView+Snapshot.swift */ = {isa = PBXFileReference; lastKnownFileType = sourcecode.swift; path = "UIView+Snapshot.swift"; sourceTree = "<group>"; };
		4D712E881F7155DB008E0EC5 /* UIViewController+TopMostViewController.swift */ = {isa = PBXFileReference; lastKnownFileType = sourcecode.swift; path = "UIViewController+TopMostViewController.swift"; sourceTree = "<group>"; };
/* End PBXFileReference section */

/* Begin PBXFrameworksBuildPhase section */
		4D712E621F7155A0008E0EC5 /* Frameworks */ = {
			isa = PBXFrameworksBuildPhase;
			buildActionMask = 2147483647;
			files = (
			);
			runOnlyForDeploymentPostprocessing = 0;
		};
/* End PBXFrameworksBuildPhase section */

/* Begin PBXGroup section */
		4D712E5C1F7155A0008E0EC5 = {
			isa = PBXGroup;
			children = (
				4D712E711F7155DB008E0EC5 /* native-navigation */,
				4D712E661F7155A0008E0EC5 /* Products */,
			);
			sourceTree = "<group>";
		};
		4D712E661F7155A0008E0EC5 /* Products */ = {
			isa = PBXGroup;
			children = (
				4D712E651F7155A0008E0EC5 /* libNativeNavigation.a */,
			);
			name = Products;
			sourceTree = "<group>";
		};
		4D712E711F7155DB008E0EC5 /* native-navigation */ = {
			isa = PBXGroup;
			children = (
				4D712E721F7155DB008E0EC5 /* Dictionary+FunctionalExtensions.swift */,
				4D712E731F7155DB008E0EC5 /* NativeNavigationBridge.m */,
				4D712E741F7155DB008E0EC5 /* ReactNavigation.swift */,
				4D712E751F7155DB008E0EC5 /* ReactNavigationCoordinator.swift */,
				4D712E761F7155DB008E0EC5 /* ReactNavigationImplementation.swift */,
				4D712E771F7155DB008E0EC5 /* ReactSharedElementAnimation.swift */,
				4D712E781F7155DB008E0EC5 /* ReactSharedElementTransition.swift */,
				4D712E791F7155DB008E0EC5 /* ReactTabBarController.swift */,
				4D712E7A1F7155DB008E0EC5 /* ReactViewController.swift */,
				4D712E7B1F7155DB008E0EC5 /* ReactViewControllerProtocol.swift */,
				4D712E7C1F7155DB008E0EC5 /* SharedElementGroupManager.swift */,
				4D712E7D1F7155DB008E0EC5 /* SharedElementGroupManagerBridge.m */,
				4D712E7E1F7155DB008E0EC5 /* SharedElementManager.swift */,
				4D712E7F1F7155DB008E0EC5 /* SharedElementManagerBridge.m */,
				4D712E801F7155DB008E0EC5 /* SharedElementTransitionController.swift */,
				4D712E811F7155DB008E0EC5 /* TabBarViewManager.swift */,
				4D712E821F7155DB008E0EC5 /* TabBarViewManagerBridge.m */,
				4D712E831F7155DB008E0EC5 /* TabViewManager.swift */,
				4D712E841F7155DB008E0EC5 /* TabViewMangerBridge.m */,
				4D712E851F7155DB008E0EC5 /* TransitionAnimation.swift */,
				4D712E861F7155DB008E0EC5 /* UIBarButtonItem+addAction.swift */,
				4D712E871F7155DB008E0EC5 /* UIView+Snapshot.swift */,
				4D712E881F7155DB008E0EC5 /* UIViewController+TopMostViewController.swift */,
			);
			path = "native-navigation";
			sourceTree = "<group>";
		};
/* End PBXGroup section */

/* Begin PBXNativeTarget section */
		4D712E641F7155A0008E0EC5 /* NativeNavigation */ = {
			isa = PBXNativeTarget;
			buildConfigurationList = 4D712E6E1F7155A0008E0EC5 /* Build configuration list for PBXNativeTarget "NativeNavigation" */;
			buildPhases = (
				4D712E611F7155A0008E0EC5 /* Sources */,
				4D712E621F7155A0008E0EC5 /* Frameworks */,
				4D712E631F7155A0008E0EC5 /* CopyFiles */,
			);
			buildRules = (
			);
			dependencies = (
			);
			name = NativeNavigation;
			productName = NativeNavigation;
			productReference = 4D712E651F7155A0008E0EC5 /* libNativeNavigation.a */;
			productType = "com.apple.product-type.library.static";
		};
/* End PBXNativeTarget section */

/* Begin PBXProject section */
		4D712E5D1F7155A0008E0EC5 /* Project object */ = {
			isa = PBXProject;
			attributes = {
				LastUpgradeCheck = 0900;
				ORGANIZATIONNAME = TravelBird;
				TargetAttributes = {
					4D712E641F7155A0008E0EC5 = {
						CreatedOnToolsVersion = 9.0;
						ProvisioningStyle = Automatic;
					};
				};
			};
			buildConfigurationList = 4D712E601F7155A0008E0EC5 /* Build configuration list for PBXProject "NativeNavigation" */;
			compatibilityVersion = "Xcode 8.0";
			developmentRegion = en;
			hasScannedForEncodings = 0;
			knownRegions = (
				en,
			);
			mainGroup = 4D712E5C1F7155A0008E0EC5;
			productRefGroup = 4D712E661F7155A0008E0EC5 /* Products */;
			projectDirPath = "";
			projectRoot = "";
			targets = (
				4D712E641F7155A0008E0EC5 /* NativeNavigation */,
			);
		};
/* End PBXProject section */

/* Begin PBXSourcesBuildPhase section */
		4D712E611F7155A0008E0EC5 /* Sources */ = {
			isa = PBXSourcesBuildPhase;
			buildActionMask = 2147483647;
			files = (
			);
			runOnlyForDeploymentPostprocessing = 0;
		};
/* End PBXSourcesBuildPhase section */

/* Begin XCBuildConfiguration section */
		4D712E6C1F7155A0008E0EC5 /* Debug */ = {
			isa = XCBuildConfiguration;
			buildSettings = {
				ALWAYS_SEARCH_USER_PATHS = NO;
				CLANG_ANALYZER_NONNULL = YES;
				CLANG_ANALYZER_NUMBER_OBJECT_CONVERSION = YES_AGGRESSIVE;
				CLANG_CXX_LANGUAGE_STANDARD = "gnu++14";
				CLANG_CXX_LIBRARY = "libc++";
				CLANG_ENABLE_MODULES = YES;
				CLANG_ENABLE_OBJC_ARC = YES;
				CLANG_WARN_BLOCK_CAPTURE_AUTORELEASING = YES;
				CLANG_WARN_BOOL_CONVERSION = YES;
				CLANG_WARN_COMMA = YES;
				CLANG_WARN_CONSTANT_CONVERSION = YES;
				CLANG_WARN_DIRECT_OBJC_ISA_USAGE = YES_ERROR;
				CLANG_WARN_DOCUMENTATION_COMMENTS = YES;
				CLANG_WARN_EMPTY_BODY = YES;
				CLANG_WARN_ENUM_CONVERSION = YES;
				CLANG_WARN_INFINITE_RECURSION = YES;
				CLANG_WARN_INT_CONVERSION = YES;
				CLANG_WARN_NON_LITERAL_NULL_CONVERSION = YES;
				CLANG_WARN_OBJC_LITERAL_CONVERSION = YES;
				CLANG_WARN_OBJC_ROOT_CLASS = YES_ERROR;
				CLANG_WARN_RANGE_LOOP_ANALYSIS = YES;
				CLANG_WARN_STRICT_PROTOTYPES = YES;
				CLANG_WARN_SUSPICIOUS_MOVE = YES;
				CLANG_WARN_UNGUARDED_AVAILABILITY = YES_AGGRESSIVE;
				CLANG_WARN_UNREACHABLE_CODE = YES;
				CLANG_WARN__DUPLICATE_METHOD_MATCH = YES;
				CODE_SIGN_IDENTITY = "iPhone Developer";
				COPY_PHASE_STRIP = NO;
				DEBUG_INFORMATION_FORMAT = dwarf;
				ENABLE_STRICT_OBJC_MSGSEND = YES;
				ENABLE_TESTABILITY = YES;
				GCC_C_LANGUAGE_STANDARD = gnu11;
				GCC_DYNAMIC_NO_PIC = NO;
				GCC_NO_COMMON_BLOCKS = YES;
				GCC_OPTIMIZATION_LEVEL = 0;
				GCC_PREPROCESSOR_DEFINITIONS = (
					"DEBUG=1",
					"$(inherited)",
				);
				GCC_WARN_64_TO_32_BIT_CONVERSION = YES;
				GCC_WARN_ABOUT_RETURN_TYPE = YES_ERROR;
				GCC_WARN_UNDECLARED_SELECTOR = YES;
				GCC_WARN_UNINITIALIZED_AUTOS = YES_AGGRESSIVE;
				GCC_WARN_UNUSED_FUNCTION = YES;
				GCC_WARN_UNUSED_VARIABLE = YES;
				IPHONEOS_DEPLOYMENT_TARGET = 8.0;
				MTL_ENABLE_DEBUG_INFO = YES;
				ONLY_ACTIVE_ARCH = YES;
				SDKROOT = iphoneos;
			};
			name = Debug;
		};
		4D712E6D1F7155A0008E0EC5 /* Release */ = {
			isa = XCBuildConfiguration;
			buildSettings = {
				ALWAYS_SEARCH_USER_PATHS = NO;
				CLANG_ANALYZER_NONNULL = YES;
				CLANG_ANALYZER_NUMBER_OBJECT_CONVERSION = YES_AGGRESSIVE;
				CLANG_CXX_LANGUAGE_STANDARD = "gnu++14";
				CLANG_CXX_LIBRARY = "libc++";
				CLANG_ENABLE_MODULES = YES;
				CLANG_ENABLE_OBJC_ARC = YES;
				CLANG_WARN_BLOCK_CAPTURE_AUTORELEASING = YES;
				CLANG_WARN_BOOL_CONVERSION = YES;
				CLANG_WARN_COMMA = YES;
				CLANG_WARN_CONSTANT_CONVERSION = YES;
				CLANG_WARN_DIRECT_OBJC_ISA_USAGE = YES_ERROR;
				CLANG_WARN_DOCUMENTATION_COMMENTS = YES;
				CLANG_WARN_EMPTY_BODY = YES;
				CLANG_WARN_ENUM_CONVERSION = YES;
				CLANG_WARN_INFINITE_RECURSION = YES;
				CLANG_WARN_INT_CONVERSION = YES;
				CLANG_WARN_NON_LITERAL_NULL_CONVERSION = YES;
				CLANG_WARN_OBJC_LITERAL_CONVERSION = YES;
				CLANG_WARN_OBJC_ROOT_CLASS = YES_ERROR;
				CLANG_WARN_RANGE_LOOP_ANALYSIS = YES;
				CLANG_WARN_STRICT_PROTOTYPES = YES;
				CLANG_WARN_SUSPICIOUS_MOVE = YES;
				CLANG_WARN_UNGUARDED_AVAILABILITY = YES_AGGRESSIVE;
				CLANG_WARN_UNREACHABLE_CODE = YES;
				CLANG_WARN__DUPLICATE_METHOD_MATCH = YES;
				CODE_SIGN_IDENTITY = "iPhone Developer";
				COPY_PHASE_STRIP = NO;
				DEBUG_INFORMATION_FORMAT = "dwarf-with-dsym";
				ENABLE_NS_ASSERTIONS = NO;
				ENABLE_STRICT_OBJC_MSGSEND = YES;
				GCC_C_LANGUAGE_STANDARD = gnu11;
				GCC_NO_COMMON_BLOCKS = YES;
				GCC_WARN_64_TO_32_BIT_CONVERSION = YES;
				GCC_WARN_ABOUT_RETURN_TYPE = YES_ERROR;
				GCC_WARN_UNDECLARED_SELECTOR = YES;
				GCC_WARN_UNINITIALIZED_AUTOS = YES_AGGRESSIVE;
				GCC_WARN_UNUSED_FUNCTION = YES;
				GCC_WARN_UNUSED_VARIABLE = YES;
				IPHONEOS_DEPLOYMENT_TARGET = 8.0;
				MTL_ENABLE_DEBUG_INFO = NO;
				SDKROOT = iphoneos;
				VALIDATE_PRODUCT = YES;
			};
			name = Release;
		};
		4D712E6F1F7155A0008E0EC5 /* Debug */ = {
			isa = XCBuildConfiguration;
			buildSettings = {
				CODE_SIGN_STYLE = Automatic;
				DEVELOPMENT_TEAM = P36Y9AVLN7;
				OTHER_LDFLAGS = "-ObjC";
				PRODUCT_NAME = "$(TARGET_NAME)";
				SKIP_INSTALL = YES;
				TARGETED_DEVICE_FAMILY = "1,2";
			};
			name = Debug;
		};
		4D712E701F7155A0008E0EC5 /* Release */ = {
			isa = XCBuildConfiguration;
			buildSettings = {
				CODE_SIGN_STYLE = Automatic;
				DEVELOPMENT_TEAM = P36Y9AVLN7;
				OTHER_LDFLAGS = "-ObjC";
				PRODUCT_NAME = "$(TARGET_NAME)";
				SKIP_INSTALL = YES;
				TARGETED_DEVICE_FAMILY = "1,2";
			};
			name = Release;
		};
/* End XCBuildConfiguration section */

/* Begin XCConfigurationList section */
		4D712E601F7155A0008E0EC5 /* Build configuration list for PBXProject "NativeNavigation" */ = {
			isa = XCConfigurationList;
			buildConfigurations = (
				4D712E6C1F7155A0008E0EC5 /* Debug */,
				4D712E6D1F7155A0008E0EC5 /* Release */,
			);
			defaultConfigurationIsVisible = 0;
			defaultConfigurationName = Release;
		};
		4D712E6E1F7155A0008E0EC5 /* Build configuration list for PBXNativeTarget "NativeNavigation" */ = {
			isa = XCConfigurationList;
			buildConfigurations = (
				4D712E6F1F7155A0008E0EC5 /* Debug */,
				4D712E701F7155A0008E0EC5 /* Release */,
			);
			defaultConfigurationIsVisible = 0;
			defaultConfigurationName = Release;
		};
/* End XCConfigurationList section */
	};
	rootObject = 4D712E5D1F7155A0008E0EC5 /* Project object */;
}
